// !$*UTF8*$!
{
	archiveVersion = 1;
	classes = {
	};
	objectVersion = 55;
	objects = {

/* Begin PBXBuildFile section */
		3527DF9627B51CA1007D51E8 /* MVVMSwiftUIApp.swift in Sources */ = {isa = PBXBuildFile; fileRef = 3527DF9527B51CA1007D51E8 /* MVVMSwiftUIApp.swift */; };
		3527DF9A27B51CA4007D51E8 /* Assets.xcassets in Resources */ = {isa = PBXBuildFile; fileRef = 3527DF9927B51CA4007D51E8 /* Assets.xcassets */; };
		3527DF9D27B51CA4007D51E8 /* Preview Assets.xcassets in Resources */ = {isa = PBXBuildFile; fileRef = 3527DF9C27B51CA4007D51E8 /* Preview Assets.xcassets */; };
		3527DFA427B51CE3007D51E8 /* ContainerViewModel.swift in Sources */ = {isa = PBXBuildFile; fileRef = 3527DFA327B51CE3007D51E8 /* ContainerViewModel.swift */; };
		3527DFA727B51D09007D51E8 /* ContainerView.swift in Sources */ = {isa = PBXBuildFile; fileRef = 3527DFA627B51D09007D51E8 /* ContainerView.swift */; };
		3527DFAA27B52CFA007D51E8 /* Network.swift in Sources */ = {isa = PBXBuildFile; fileRef = 3527DFA927B52CFA007D51E8 /* Network.swift */; };
		3527DFAC27B5348F007D51E8 /* NetworkViewModel.swift in Sources */ = {isa = PBXBuildFile; fileRef = 3527DFAB27B5348F007D51E8 /* NetworkViewModel.swift */; };
		3527DFAE27B53804007D51E8 /* Resource.swift in Sources */ = {isa = PBXBuildFile; fileRef = 3527DFAD27B53804007D51E8 /* Resource.swift */; };
		3527DFB027B54A9E007D51E8 /* PersonView.swift in Sources */ = {isa = PBXBuildFile; fileRef = 3527DFAF27B54A9E007D51E8 /* PersonView.swift */; };
/* End PBXBuildFile section */

/* Begin PBXFileReference section */
		3527DF9227B51CA1007D51E8 /* MVVMSwiftUI.app */ = {isa = PBXFileReference; explicitFileType = wrapper.application; includeInIndex = 0; path = MVVMSwiftUI.app; sourceTree = BUILT_PRODUCTS_DIR; };
		3527DF9527B51CA1007D51E8 /* MVVMSwiftUIApp.swift */ = {isa = PBXFileReference; lastKnownFileType = sourcecode.swift; path = MVVMSwiftUIApp.swift; sourceTree = "<group>"; };
		3527DF9927B51CA4007D51E8 /* Assets.xcassets */ = {isa = PBXFileReference; lastKnownFileType = folder.assetcatalog; path = Assets.xcassets; sourceTree = "<group>"; };
		3527DF9C27B51CA4007D51E8 /* Preview Assets.xcassets */ = {isa = PBXFileReference; lastKnownFileType = folder.assetcatalog; path = "Preview Assets.xcassets"; sourceTree = "<group>"; };
		3527DFA327B51CE3007D51E8 /* ContainerViewModel.swift */ = {isa = PBXFileReference; lastKnownFileType = sourcecode.swift; path = ContainerViewModel.swift; sourceTree = "<group>"; };
		3527DFA627B51D09007D51E8 /* ContainerView.swift */ = {isa = PBXFileReference; lastKnownFileType = sourcecode.swift; path = ContainerView.swift; sourceTree = "<group>"; };
		3527DFA927B52CFA007D51E8 /* Network.swift */ = {isa = PBXFileReference; lastKnownFileType = sourcecode.swift; path = Network.swift; sourceTree = "<group>"; };
		3527DFAB27B5348F007D51E8 /* NetworkViewModel.swift */ = {isa = PBXFileReference; lastKnownFileType = sourcecode.swift; path = NetworkViewModel.swift; sourceTree = "<group>"; };
		3527DFAD27B53804007D51E8 /* Resource.swift */ = {isa = PBXFileReference; lastKnownFileType = sourcecode.swift; path = Resource.swift; sourceTree = "<group>"; };
		3527DFAF27B54A9E007D51E8 /* PersonView.swift */ = {isa = PBXFileReference; lastKnownFileType = sourcecode.swift; path = PersonView.swift; sourceTree = "<group>"; };
/* End PBXFileReference section */

/* Begin PBXFrameworksBuildPhase section */
		3527DF8F27B51CA1007D51E8 /* Frameworks */ = {
			isa = PBXFrameworksBuildPhase;
			buildActionMask = 2147483647;
			files = (
			);
			runOnlyForDeploymentPostprocessing = 0;
		};
/* End PBXFrameworksBuildPhase section */

/* Begin PBXGroup section */
		3527DF8927B51CA0007D51E8 = {
			isa = PBXGroup;
			children = (
				3527DF9427B51CA1007D51E8 /* MVVMSwiftUI */,
				3527DF9327B51CA1007D51E8 /* Products */,
			);
			sourceTree = "<group>";
		};
		3527DF9327B51CA1007D51E8 /* Products */ = {
			isa = PBXGroup;
			children = (
				3527DF9227B51CA1007D51E8 /* MVVMSwiftUI.app */,
			);
			name = Products;
			sourceTree = "<group>";
		};
		3527DF9427B51CA1007D51E8 /* MVVMSwiftUI */ = {
			isa = PBXGroup;
			children = (
				3527DFA827B52C5F007D51E8 /* Network */,
				3527DF9527B51CA1007D51E8 /* MVVMSwiftUIApp.swift */,
				3527DF9927B51CA4007D51E8 /* Assets.xcassets */,
				3527DF9B27B51CA4007D51E8 /* Preview Content */,
				3527DFA527B51CE9007D51E8 /* Screens */,
			);
			path = MVVMSwiftUI;
			sourceTree = "<group>";
		};
		3527DF9B27B51CA4007D51E8 /* Preview Content */ = {
			isa = PBXGroup;
			children = (
				3527DF9C27B51CA4007D51E8 /* Preview Assets.xcassets */,
			);
			path = "Preview Content";
			sourceTree = "<group>";
		};
		3527DFA527B51CE9007D51E8 /* Screens */ = {
			isa = PBXGroup;
			children = (
				3527DFA327B51CE3007D51E8 /* ContainerViewModel.swift */,
				3527DFA627B51D09007D51E8 /* ContainerView.swift */,
				3527DFAF27B54A9E007D51E8 /* PersonView.swift */,
			);
			path = Screens;
			sourceTree = "<group>";
		};
		3527DFA827B52C5F007D51E8 /* Network */ = {
			isa = PBXGroup;
			children = (
				3527DFA927B52CFA007D51E8 /* Network.swift */,
				3527DFAB27B5348F007D51E8 /* NetworkViewModel.swift */,
				3527DFAD27B53804007D51E8 /* Resource.swift */,
			);
			path = Network;
			sourceTree = "<group>";
		};
/* End PBXGroup section */

/* Begin PBXNativeTarget section */
		3527DF9127B51CA1007D51E8 /* MVVMSwiftUI */ = {
			isa = PBXNativeTarget;
			buildConfigurationList = 3527DFA027B51CA4007D51E8 /* Build configuration list for PBXNativeTarget "MVVMSwiftUI" */;
			buildPhases = (
				3527DF8E27B51CA1007D51E8 /* Sources */,
				3527DF8F27B51CA1007D51E8 /* Frameworks */,
				3527DF9027B51CA1007D51E8 /* Resources */,
			);
			buildRules = (
			);
			dependencies = (
			);
			name = MVVMSwiftUI;
			productName = MVVMSwiftUI;
			productReference = 3527DF9227B51CA1007D51E8 /* MVVMSwiftUI.app */;
			productType = "com.apple.product-type.application";
		};
/* End PBXNativeTarget section */

/* Begin PBXProject section */
		3527DF8A27B51CA0007D51E8 /* Project object */ = {
			isa = PBXProject;
			attributes = {
				BuildIndependentTargetsInParallel = 1;
				LastSwiftUpdateCheck = 1300;
				LastUpgradeCheck = 1300;
				TargetAttributes = {
					3527DF9127B51CA1007D51E8 = {
						CreatedOnToolsVersion = 13.0;
					};
				};
			};
			buildConfigurationList = 3527DF8D27B51CA0007D51E8 /* Build configuration list for PBXProject "MVVMSwiftUI" */;
			compatibilityVersion = "Xcode 13.0";
			developmentRegion = en;
			hasScannedForEncodings = 0;
			knownRegions = (
				en,
				Base,
			);
			mainGroup = 3527DF8927B51CA0007D51E8;
			productRefGroup = 3527DF9327B51CA1007D51E8 /* Products */;
			projectDirPath = "";
			projectRoot = "";
			targets = (
				3527DF9127B51CA1007D51E8 /* MVVMSwiftUI */,
			);
		};
/* End PBXProject section */

/* Begin PBXResourcesBuildPhase section */
		3527DF9027B51CA1007D51E8 /* Resources */ = {
			isa = PBXResourcesBuildPhase;
			buildActionMask = 2147483647;
			files = (
				3527DF9D27B51CA4007D51E8 /* Preview Assets.xcassets in Resources */,
				3527DF9A27B51CA4007D51E8 /* Assets.xcassets in Resources */,
			);
			runOnlyForDeploymentPostprocessing = 0;
		};
/* End PBXResourcesBuildPhase section */

/* Begin PBXSourcesBuildPhase section */
		3527DF8E27B51CA1007D51E8 /* Sources */ = {
			isa = PBXSourcesBuildPhase;
			buildActionMask = 2147483647;
			files = (
				3527DFAA27B52CFA007D51E8 /* Network.swift in Sources */,
				3527DFAC27B5348F007D51E8 /* NetworkViewModel.swift in Sources */,
				3527DFA727B51D09007D51E8 /* ContainerView.swift in Sources */,
				3527DF9627B51CA1007D51E8 /* MVVMSwiftUIApp.swift in Sources */,
				3527DFA427B51CE3007D51E8 /* ContainerViewModel.swift in Sources */,
				3527DFAE27B53804007D51E8 /* Resource.swift in Sources */,
				3527DFB027B54A9E007D51E8 /* PersonView.swift in Sources */,
			);
			runOnlyForDeploymentPostprocessing = 0;
		};
/* End PBXSourcesBuildPhase section */

/* Begin XCBuildConfiguration section */
		3527DF9E27B51CA4007D51E8 /* Debug */ = {
			isa = XCBuildConfiguration;
			buildSettings = {
				ALWAYS_SEARCH_USER_PATHS = NO;
				CLANG_ANALYZER_NONNULL = YES;
				CLANG_ANALYZER_NUMBER_OBJECT_CONVERSION = YES_AGGRESSIVE;
				CLANG_CXX_LANGUAGE_STANDARD = "gnu++17";
				CLANG_CXX_LIBRARY = "libc++";
				CLANG_ENABLE_MODULES = YES;
				CLANG_ENABLE_OBJC_ARC = YES;
				CLANG_ENABLE_OBJC_WEAK = YES;
				CLANG_WARN_BLOCK_CAPTURE_AUTORELEASING = YES;
				CLANG_WARN_BOOL_CONVERSION = YES;
				CLANG_WARN_COMMA = YES;
				CLANG_WARN_CONSTANT_CONVERSION = YES;
				CLANG_WARN_DEPRECATED_OBJC_IMPLEMENTATIONS = YES;
				CLANG_WARN_DIRECT_OBJC_ISA_USAGE = YES_ERROR;
				CLANG_WARN_DOCUMENTATION_COMMENTS = YES;
				CLANG_WARN_EMPTY_BODY = YES;
				CLANG_WARN_ENUM_CONVERSION = YES;
				CLANG_WARN_INFINITE_RECURSION = YES;
				CLANG_WARN_INT_CONVERSION = YES;
				CLANG_WARN_NON_LITERAL_NULL_CONVERSION = YES;
				CLANG_WARN_OBJC_IMPLICIT_RETAIN_SELF = YES;
				CLANG_WARN_OBJC_LITERAL_CONVERSION = YES;
				CLANG_WARN_OBJC_ROOT_CLASS = YES_ERROR;
				CLANG_WARN_QUOTED_INCLUDE_IN_FRAMEWORK_HEADER = YES;
				CLANG_WARN_RANGE_LOOP_ANALYSIS = YES;
				CLANG_WARN_STRICT_PROTOTYPES = YES;
				CLANG_WARN_SUSPICIOUS_MOVE = YES;
				CLANG_WARN_UNGUARDED_AVAILABILITY = YES_AGGRESSIVE;
				CLANG_WARN_UNREACHABLE_CODE = YES;
				CLANG_WARN__DUPLICATE_METHOD_MATCH = YES;
				COPY_PHASE_STRIP = NO;
				DEBUG_INFORMATION_FORMAT = dwarf;
				ENABLE_STRICT_OBJC_MSGSEND = YES;
				ENABLE_TESTABILITY = YES;
				GCC_C_LANGUAGE_STANDARD = gnu11;
				GCC_DYNAMIC_NO_PIC = NO;
				GCC_NO_COMMON_BLOCKS = YES;
				GCC_OPTIMIZATION_LEVEL = 0;
				GCC_PREPROCESSOR_DEFINITIONS = (
					"DEBUG=1",
					"$(inherited)",
				);
				GCC_WARN_64_TO_32_BIT_CONVERSION = YES;
				GCC_WARN_ABOUT_RETURN_TYPE = YES_ERROR;
				GCC_WARN_UNDECLARED_SELECTOR = YES;
				GCC_WARN_UNINITIALIZED_AUTOS = YES_AGGRESSIVE;
				GCC_WARN_UNUSED_FUNCTION = YES;
				GCC_WARN_UNUSED_VARIABLE = YES;
				IPHONEOS_DEPLOYMENT_TARGET = 15.0;
				MTL_ENABLE_DEBUG_INFO = INCLUDE_SOURCE;
				MTL_FAST_MATH = YES;
				ONLY_ACTIVE_ARCH = YES;
				SDKROOT = iphoneos;
				SWIFT_ACTIVE_COMPILATION_CONDITIONS = DEBUG;
				SWIFT_OPTIMIZATION_LEVEL = "-Onone";
			};
			name = Debug;
		};
		3527DF9F27B51CA4007D51E8 /* Release */ = {
			isa = XCBuildConfiguration;
			buildSettings = {
				ALWAYS_SEARCH_USER_PATHS = NO;
				CLANG_ANALYZER_NONNULL = YES;
				CLANG_ANALYZER_NUMBER_OBJECT_CONVERSION = YES_AGGRESSIVE;
				CLANG_CXX_LANGUAGE_STANDARD = "gnu++17";
				CLANG_CXX_LIBRARY = "libc++";
				CLANG_ENABLE_MODULES = YES;
				CLANG_ENABLE_OBJC_ARC = YES;
				CLANG_ENABLE_OBJC_WEAK = YES;
				CLANG_WARN_BLOCK_CAPTURE_AUTORELEASING = YES;
				CLANG_WARN_BOOL_CONVERSION = YES;
				CLANG_WARN_COMMA = YES;
				CLANG_WARN_CONSTANT_CONVERSION = YES;
				CLANG_WARN_DEPRECATED_OBJC_IMPLEMENTATIONS = YES;
				CLANG_WARN_DIRECT_OBJC_ISA_USAGE = YES_ERROR;
				CLANG_WARN_DOCUMENTATION_COMMENTS = YES;
				CLANG_WARN_EMPTY_BODY = YES;
				CLANG_WARN_ENUM_CONVERSION = YES;
				CLANG_WARN_INFINITE_RECURSION = YES;
				CLANG_WARN_INT_CONVERSION = YES;
				CLANG_WARN_NON_LITERAL_NULL_CONVERSION = YES;
				CLANG_WARN_OBJC_IMPLICIT_RETAIN_SELF = YES;
				CLANG_WARN_OBJC_LITERAL_CONVERSION = YES;
				CLANG_WARN_OBJC_ROOT_CLASS = YES_ERROR;
				CLANG_WARN_QUOTED_INCLUDE_IN_FRAMEWORK_HEADER = YES;
				CLANG_WARN_RANGE_LOOP_ANALYSIS = YES;
				CLANG_WARN_STRICT_PROTOTYPES = YES;
				CLANG_WARN_SUSPICIOUS_MOVE = YES;
				CLANG_WARN_UNGUARDED_AVAILABILITY = YES_AGGRESSIVE;
				CLANG_WARN_UNREACHABLE_CODE = YES;
				CLANG_WARN__DUPLICATE_METHOD_MATCH = YES;
				COPY_PHASE_STRIP = NO;
				DEBUG_INFORMATION_FORMAT = "dwarf-with-dsym";
				ENABLE_NS_ASSERTIONS = NO;
				ENABLE_STRICT_OBJC_MSGSEND = YES;
				GCC_C_LANGUAGE_STANDARD = gnu11;
				GCC_NO_COMMON_BLOCKS = YES;
				GCC_WARN_64_TO_32_BIT_CONVERSION = YES;
				GCC_WARN_ABOUT_RETURN_TYPE = YES_ERROR;
				GCC_WARN_UNDECLARED_SELECTOR = YES;
				GCC_WARN_UNINITIALIZED_AUTOS = YES_AGGRESSIVE;
				GCC_WARN_UNUSED_FUNCTION = YES;
				GCC_WARN_UNUSED_VARIABLE = YES;
				IPHONEOS_DEPLOYMENT_TARGET = 15.0;
				MTL_ENABLE_DEBUG_INFO = NO;
				MTL_FAST_MATH = YES;
				SDKROOT = iphoneos;
				SWIFT_COMPILATION_MODE = wholemodule;
				SWIFT_OPTIMIZATION_LEVEL = "-O";
				VALIDATE_PRODUCT = YES;
			};
			name = Release;
		};
		3527DFA127B51CA4007D51E8 /* Debug */ = {
			isa = XCBuildConfiguration;
			buildSettings = {
				ASSETCATALOG_COMPILER_APPICON_NAME = AppIcon;
				ASSETCATALOG_COMPILER_GLOBAL_ACCENT_COLOR_NAME = AccentColor;
				CODE_SIGN_STYLE = Automatic;
				CURRENT_PROJECT_VERSION = 1;
				DEVELOPMENT_ASSET_PATHS = "\"MVVMSwiftUI/Preview Content\"";
				DEVELOPMENT_TEAM = E3UP8K5Y56;
				ENABLE_PREVIEWS = YES;
				GENERATE_INFOPLIST_FILE = YES;
				INFOPLIST_KEY_UIApplicationSceneManifest_Generation = YES;
				INFOPLIST_KEY_UIApplicationSupportsIndirectInputEvents = YES;
				INFOPLIST_KEY_UILaunchScreen_Generation = YES;
				INFOPLIST_KEY_UISupportedInterfaceOrientations_iPad = "UIInterfaceOrientationPortrait UIInterfaceOrientationPortraitUpsideDown UIInterfaceOrientationLandscapeLeft UIInterfaceOrientationLandscapeRight";
				INFOPLIST_KEY_UISupportedInterfaceOrientations_iPhone = "UIInterfaceOrientationPortrait UIInterfaceOrientationLandscapeLeft UIInterfaceOrientationLandscapeRight";
				IPHONEOS_DEPLOYMENT_TARGET = 14.0;
				LD_RUNPATH_SEARCH_PATHS = (
					"$(inherited)",
					"@executable_path/Frameworks",
				);
				MARKETING_VERSION = 1.0;
				PRODUCT_BUNDLE_IDENTIFIER = com.ugurunlu.MVVMSwiftUI;
				PRODUCT_NAME = "$(TARGET_NAME)";
				SWIFT_EMIT_LOC_STRINGS = YES;
				SWIFT_VERSION = 5.0;
				TARGETED_DEVICE_FAMILY = "1,2";
			};
			name = Debug;
		};
		3527DFA227B51CA4007D51E8 /* Release */ = {
			isa = XCBuildConfiguration;
			buildSettings = {
				ASSETCATALOG_COMPILER_APPICON_NAME = AppIcon;
				ASSETCATALOG_COMPILER_GLOBAL_ACCENT_COLOR_NAME = AccentColor;
				CODE_SIGN_STYLE = Automatic;
				CURRENT_PROJECT_VERSION = 1;
				DEVELOPMENT_ASSET_PATHS = "\"MVVMSwiftUI/Preview Content\"";
				DEVELOPMENT_TEAM = E3UP8K5Y56;
				ENABLE_PREVIEWS = YES;
				GENERATE_INFOPLIST_FILE = YES;
				INFOPLIST_KEY_UIApplicationSceneManifest_Generation = YES;
				INFOPLIST_KEY_UIApplicationSupportsIndirectInputEvents = YES;
				INFOPLIST_KEY_UILaunchScreen_Generation = YES;
				INFOPLIST_KEY_UISupportedInterfaceOrientations_iPad = "UIInterfaceOrientationPortrait UIInterfaceOrientationPortraitUpsideDown UIInterfaceOrientationLandscapeLeft UIInterfaceOrientationLandscapeRight";
				INFOPLIST_KEY_UISupportedInterfaceOrientations_iPhone = "UIInterfaceOrientationPortrait UIInterfaceOrientationLandscapeLeft UIInterfaceOrientationLandscapeRight";
				IPHONEOS_DEPLOYMENT_TARGET = 14.0;
				LD_RUNPATH_SEARCH_PATHS = (
					"$(inherited)",
					"@executable_path/Frameworks",
				);
				MARKETING_VERSION = 1.0;
				PRODUCT_BUNDLE_IDENTIFIER = com.ugurunlu.MVVMSwiftUI;
				PRODUCT_NAME = "$(TARGET_NAME)";
				SWIFT_EMIT_LOC_STRINGS = YES;
				SWIFT_VERSION = 5.0;
				TARGETED_DEVICE_FAMILY = "1,2";
			};
			name = Release;
		};
/* End XCBuildConfiguration section */

/* Begin XCConfigurationList section */
		3527DF8D27B51CA0007D51E8 /* Build configuration list for PBXProject "MVVMSwiftUI" */ = {
			isa = XCConfigurationList;
			buildConfigurations = (
				3527DF9E27B51CA4007D51E8 /* Debug */,
				3527DF9F27B51CA4007D51E8 /* Release */,
			);
			defaultConfigurationIsVisible = 0;
			defaultConfigurationName = Release;
		};
		3527DFA027B51CA4007D51E8 /* Build configuration list for PBXNativeTarget "MVVMSwiftUI" */ = {
			isa = XCConfigurationList;
			buildConfigurations = (
				3527DFA127B51CA4007D51E8 /* Debug */,
				3527DFA227B51CA4007D51E8 /* Release */,
			);
			defaultConfigurationIsVisible = 0;
			defaultConfigurationName = Release;
		};
/* End XCConfigurationList section */
	};
	rootObject = 3527DF8A27B51CA0007D51E8 /* Project object */;
}
